// !$*UTF8*$!
{
	archiveVersion = 1;
	classes = {
	};
	objectVersion = 46;
	objects = {

/* Begin PBXBuildFile section */
		16C7296790F339EDFB8003F5 /* Pods_METAR.framework in Frameworks */ = {isa = PBXBuildFile; fileRef = 517677DC7C2A2B434D5AC383 /* Pods_METAR.framework */; };
		6AB7EF2B1C56563400C2B503 /* AppDelegate.swift in Sources */ = {isa = PBXBuildFile; fileRef = 6AB7EF2A1C56563400C2B503 /* AppDelegate.swift */; };
		6AB7EF2D1C56563400C2B503 /* ViewController.swift in Sources */ = {isa = PBXBuildFile; fileRef = 6AB7EF2C1C56563400C2B503 /* ViewController.swift */; };
		6AB7EF301C56563400C2B503 /* Main.storyboard in Resources */ = {isa = PBXBuildFile; fileRef = 6AB7EF2E1C56563400C2B503 /* Main.storyboard */; };
		6AB7EF321C56563400C2B503 /* Assets.xcassets in Resources */ = {isa = PBXBuildFile; fileRef = 6AB7EF311C56563400C2B503 /* Assets.xcassets */; };
		6AB7EF351C56563400C2B503 /* LaunchScreen.storyboard in Resources */ = {isa = PBXBuildFile; fileRef = 6AB7EF331C56563400C2B503 /* LaunchScreen.storyboard */; };
		6AB7EF401C56563400C2B503 /* METARTests.swift in Sources */ = {isa = PBXBuildFile; fileRef = 6AB7EF3F1C56563400C2B503 /* METARTests.swift */; };
		6AB7EF4B1C565ABF00C2B503 /* ForecastManager.swift in Sources */ = {isa = PBXBuildFile; fileRef = 6AB7EF4A1C565ABF00C2B503 /* ForecastManager.swift */; };
		6AB7EF4F1C565BD100C2B503 /* APIManager.swift in Sources */ = {isa = PBXBuildFile; fileRef = 6AB7EF4E1C565BD100C2B503 /* APIManager.swift */; };
		6AEDD4C51C5689F400388D79 /* METAR.swift in Sources */ = {isa = PBXBuildFile; fileRef = 6AEDD4C41C5689F400388D79 /* METAR.swift */; };
		6AEDD4C71C568DCD00388D79 /* METARInfo.swift in Sources */ = {isa = PBXBuildFile; fileRef = 6AEDD4C61C568DCD00388D79 /* METARInfo.swift */; };
		6AEDD4C91C568DDA00388D79 /* METARTranslations.swift in Sources */ = {isa = PBXBuildFile; fileRef = 6AEDD4C81C568DDA00388D79 /* METARTranslations.swift */; };
/* End PBXBuildFile section */

/* Begin PBXContainerItemProxy section */
		6AB7EF3C1C56563400C2B503 /* PBXContainerItemProxy */ = {
			isa = PBXContainerItemProxy;
			containerPortal = 6AB7EF1F1C56563400C2B503 /* Project object */;
			proxyType = 1;
			remoteGlobalIDString = 6AB7EF261C56563400C2B503;
			remoteInfo = METAR;
		};
/* End PBXContainerItemProxy section */

/* Begin PBXFileReference section */
		517677DC7C2A2B434D5AC383 /* Pods_METAR.framework */ = {isa = PBXFileReference; explicitFileType = wrapper.framework; includeInIndex = 0; path = Pods_METAR.framework; sourceTree = BUILT_PRODUCTS_DIR; };
		6AB7EF271C56563400C2B503 /* METAR.app */ = {isa = PBXFileReference; explicitFileType = wrapper.application; includeInIndex = 0; path = METAR.app; sourceTree = BUILT_PRODUCTS_DIR; };
		6AB7EF2A1C56563400C2B503 /* AppDelegate.swift */ = {isa = PBXFileReference; lastKnownFileType = sourcecode.swift; path = AppDelegate.swift; sourceTree = "<group>"; };
		6AB7EF2C1C56563400C2B503 /* ViewController.swift */ = {isa = PBXFileReference; lastKnownFileType = sourcecode.swift; path = ViewController.swift; sourceTree = "<group>"; };
		6AB7EF2F1C56563400C2B503 /* Base */ = {isa = PBXFileReference; lastKnownFileType = file.storyboard; name = Base; path = Base.lproj/Main.storyboard; sourceTree = "<group>"; };
		6AB7EF311C56563400C2B503 /* Assets.xcassets */ = {isa = PBXFileReference; lastKnownFileType = folder.assetcatalog; path = Assets.xcassets; sourceTree = "<group>"; };
		6AB7EF341C56563400C2B503 /* Base */ = {isa = PBXFileReference; lastKnownFileType = file.storyboard; name = Base; path = Base.lproj/LaunchScreen.storyboard; sourceTree = "<group>"; };
		6AB7EF361C56563400C2B503 /* Info.plist */ = {isa = PBXFileReference; lastKnownFileType = text.plist.xml; path = Info.plist; sourceTree = "<group>"; };
		6AB7EF3B1C56563400C2B503 /* METARTests.xctest */ = {isa = PBXFileReference; explicitFileType = wrapper.cfbundle; includeInIndex = 0; path = METARTests.xctest; sourceTree = BUILT_PRODUCTS_DIR; };
		6AB7EF3F1C56563400C2B503 /* METARTests.swift */ = {isa = PBXFileReference; lastKnownFileType = sourcecode.swift; path = METARTests.swift; sourceTree = "<group>"; };
		6AB7EF411C56563400C2B503 /* Info.plist */ = {isa = PBXFileReference; lastKnownFileType = text.plist.xml; path = Info.plist; sourceTree = "<group>"; };
		6AB7EF4A1C565ABF00C2B503 /* ForecastManager.swift */ = {isa = PBXFileReference; fileEncoding = 4; lastKnownFileType = sourcecode.swift; path = ForecastManager.swift; sourceTree = "<group>"; };
		6AB7EF4E1C565BD100C2B503 /* APIManager.swift */ = {isa = PBXFileReference; fileEncoding = 4; lastKnownFileType = sourcecode.swift; path = APIManager.swift; sourceTree = "<group>"; };
		6AEDD4C41C5689F400388D79 /* METAR.swift */ = {isa = PBXFileReference; fileEncoding = 4; lastKnownFileType = sourcecode.swift; path = METAR.swift; sourceTree = "<group>"; };
		6AEDD4C61C568DCD00388D79 /* METARInfo.swift */ = {isa = PBXFileReference; fileEncoding = 4; lastKnownFileType = sourcecode.swift; path = METARInfo.swift; sourceTree = "<group>"; };
		6AEDD4C81C568DDA00388D79 /* METARTranslations.swift */ = {isa = PBXFileReference; fileEncoding = 4; lastKnownFileType = sourcecode.swift; path = METARTranslations.swift; sourceTree = "<group>"; };
		B48EC4DABBFAC29A0AB8F8C9 /* Pods-METAR.release.xcconfig */ = {isa = PBXFileReference; includeInIndex = 1; lastKnownFileType = text.xcconfig; name = "Pods-METAR.release.xcconfig"; path = "Pods/Target Support Files/Pods-METAR/Pods-METAR.release.xcconfig"; sourceTree = "<group>"; };
		E47BAFC66CF04FC2C81B1CB8 /* Pods-METAR.debug.xcconfig */ = {isa = PBXFileReference; includeInIndex = 1; lastKnownFileType = text.xcconfig; name = "Pods-METAR.debug.xcconfig"; path = "Pods/Target Support Files/Pods-METAR/Pods-METAR.debug.xcconfig"; sourceTree = "<group>"; };
/* End PBXFileReference section */

/* Begin PBXFrameworksBuildPhase section */
		6AB7EF241C56563400C2B503 /* Frameworks */ = {
			isa = PBXFrameworksBuildPhase;
			buildActionMask = 2147483647;
			files = (
				16C7296790F339EDFB8003F5 /* Pods_METAR.framework in Frameworks */,
			);
			runOnlyForDeploymentPostprocessing = 0;
		};
		6AB7EF381C56563400C2B503 /* Frameworks */ = {
			isa = PBXFrameworksBuildPhase;
			buildActionMask = 2147483647;
			files = (
			);
			runOnlyForDeploymentPostprocessing = 0;
		};
/* End PBXFrameworksBuildPhase section */

/* Begin PBXGroup section */
		5E256ECA3A28C724E979235F /* Pods */ = {
			isa = PBXGroup;
			children = (
				E47BAFC66CF04FC2C81B1CB8 /* Pods-METAR.debug.xcconfig */,
				B48EC4DABBFAC29A0AB8F8C9 /* Pods-METAR.release.xcconfig */,
			);
			name = Pods;
			sourceTree = "<group>";
		};
		6AB7EF1E1C56563400C2B503 = {
			isa = PBXGroup;
			children = (
				6AB7EF291C56563400C2B503 /* METAR */,
				6AB7EF3E1C56563400C2B503 /* METARTests */,
				6AB7EF281C56563400C2B503 /* Products */,
				5E256ECA3A28C724E979235F /* Pods */,
				83E165C80F14D0BD63E853D0 /* Frameworks */,
			);
			sourceTree = "<group>";
		};
		6AB7EF281C56563400C2B503 /* Products */ = {
			isa = PBXGroup;
			children = (
				6AB7EF271C56563400C2B503 /* METAR.app */,
				6AB7EF3B1C56563400C2B503 /* METARTests.xctest */,
			);
			name = Products;
			sourceTree = "<group>";
		};
		6AB7EF291C56563400C2B503 /* METAR */ = {
			isa = PBXGroup;
			children = (
				6AEDD4C31C5689E600388D79 /* Model */,
				6AB7EF4D1C565AD300C2B503 /* Manager */,
				6AB7EF4C1C565AC800C2B503 /* API */,
				6AB7EF2A1C56563400C2B503 /* AppDelegate.swift */,
				6AB7EF2C1C56563400C2B503 /* ViewController.swift */,
				6AB7EF2E1C56563400C2B503 /* Main.storyboard */,
				6AB7EF311C56563400C2B503 /* Assets.xcassets */,
				6AB7EF331C56563400C2B503 /* LaunchScreen.storyboard */,
				6AB7EF361C56563400C2B503 /* Info.plist */,
			);
			path = METAR;
			sourceTree = "<group>";
		};
		6AB7EF3E1C56563400C2B503 /* METARTests */ = {
			isa = PBXGroup;
			children = (
				6AB7EF3F1C56563400C2B503 /* METARTests.swift */,
				6AB7EF411C56563400C2B503 /* Info.plist */,
			);
			path = METARTests;
			sourceTree = "<group>";
		};
		6AB7EF4C1C565AC800C2B503 /* API */ = {
			isa = PBXGroup;
			children = (
				6AB7EF4E1C565BD100C2B503 /* APIManager.swift */,
			);
			name = API;
			sourceTree = "<group>";
		};
		6AB7EF4D1C565AD300C2B503 /* Manager */ = {
			isa = PBXGroup;
			children = (
				6AB7EF4A1C565ABF00C2B503 /* ForecastManager.swift */,
			);
			name = Manager;
			sourceTree = "<group>";
		};
		6AEDD4C31C5689E600388D79 /* Model */ = {
			isa = PBXGroup;
			children = (
				6AEDD4C41C5689F400388D79 /* METAR.swift */,
				6AEDD4C61C568DCD00388D79 /* METARInfo.swift */,
				6AEDD4C81C568DDA00388D79 /* METARTranslations.swift */,
			);
			name = Model;
			sourceTree = "<group>";
		};
		83E165C80F14D0BD63E853D0 /* Frameworks */ = {
			isa = PBXGroup;
			children = (
				517677DC7C2A2B434D5AC383 /* Pods_METAR.framework */,
			);
			name = Frameworks;
			sourceTree = "<group>";
		};
/* End PBXGroup section */

/* Begin PBXNativeTarget section */
		6AB7EF261C56563400C2B503 /* METAR */ = {
			isa = PBXNativeTarget;
			buildConfigurationList = 6AB7EF441C56563400C2B503 /* Build configuration list for PBXNativeTarget "METAR" */;
			buildPhases = (
				E4488E61947501E838DCAC33 /* Check Pods Manifest.lock */,
				6AB7EF231C56563400C2B503 /* Sources */,
				6AB7EF241C56563400C2B503 /* Frameworks */,
				6AB7EF251C56563400C2B503 /* Resources */,
				6A3882DCB90062A7577CA2A7 /* Embed Pods Frameworks */,
				717967A7FEAB76B74DC57F39 /* Copy Pods Resources */,
			);
			buildRules = (
			);
			dependencies = (
			);
			name = METAR;
			productName = METAR;
			productReference = 6AB7EF271C56563400C2B503 /* METAR.app */;
			productType = "com.apple.product-type.application";
		};
		6AB7EF3A1C56563400C2B503 /* METARTests */ = {
			isa = PBXNativeTarget;
			buildConfigurationList = 6AB7EF471C56563400C2B503 /* Build configuration list for PBXNativeTarget "METARTests" */;
			buildPhases = (
				6AB7EF371C56563400C2B503 /* Sources */,
				6AB7EF381C56563400C2B503 /* Frameworks */,
				6AB7EF391C56563400C2B503 /* Resources */,
			);
			buildRules = (
			);
			dependencies = (
				6AB7EF3D1C56563400C2B503 /* PBXTargetDependency */,
			);
			name = METARTests;
			productName = METARTests;
			productReference = 6AB7EF3B1C56563400C2B503 /* METARTests.xctest */;
			productType = "com.apple.product-type.bundle.unit-test";
		};
/* End PBXNativeTarget section */

/* Begin PBXProject section */
		6AB7EF1F1C56563400C2B503 /* Project object */ = {
			isa = PBXProject;
			attributes = {
				LastSwiftUpdateCheck = 0720;
				LastUpgradeCheck = 0720;
				ORGANIZATIONNAME = home;
				TargetAttributes = {
					6AB7EF261C56563400C2B503 = {
						CreatedOnToolsVersion = 7.2;
					};
					6AB7EF3A1C56563400C2B503 = {
						CreatedOnToolsVersion = 7.2;
						TestTargetID = 6AB7EF261C56563400C2B503;
					};
				};
			};
			buildConfigurationList = 6AB7EF221C56563400C2B503 /* Build configuration list for PBXProject "METAR" */;
			compatibilityVersion = "Xcode 3.2";
			developmentRegion = English;
			hasScannedForEncodings = 0;
			knownRegions = (
				en,
				Base,
			);
			mainGroup = 6AB7EF1E1C56563400C2B503;
			productRefGroup = 6AB7EF281C56563400C2B503 /* Products */;
			projectDirPath = "";
			projectRoot = "";
			targets = (
				6AB7EF261C56563400C2B503 /* METAR */,
				6AB7EF3A1C56563400C2B503 /* METARTests */,
			);
		};
/* End PBXProject section */

/* Begin PBXResourcesBuildPhase section */
		6AB7EF251C56563400C2B503 /* Resources */ = {
			isa = PBXResourcesBuildPhase;
			buildActionMask = 2147483647;
			files = (
				6AB7EF351C56563400C2B503 /* LaunchScreen.storyboard in Resources */,
				6AB7EF321C56563400C2B503 /* Assets.xcassets in Resources */,
				6AB7EF301C56563400C2B503 /* Main.storyboard in Resources */,
			);
			runOnlyForDeploymentPostprocessing = 0;
		};
		6AB7EF391C56563400C2B503 /* Resources */ = {
			isa = PBXResourcesBuildPhase;
			buildActionMask = 2147483647;
			files = (
			);
			runOnlyForDeploymentPostprocessing = 0;
		};
/* End PBXResourcesBuildPhase section */

/* Begin PBXShellScriptBuildPhase section */
		6A3882DCB90062A7577CA2A7 /* Embed Pods Frameworks */ = {
			isa = PBXShellScriptBuildPhase;
			buildActionMask = 2147483647;
			files = (
			);
			inputPaths = (
			);
			name = "Embed Pods Frameworks";
			outputPaths = (
			);
			runOnlyForDeploymentPostprocessing = 0;
			shellPath = /bin/sh;
			shellScript = "\"${SRCROOT}/Pods/Target Support Files/Pods-METAR/Pods-METAR-frameworks.sh\"\n";
			showEnvVarsInLog = 0;
		};
		717967A7FEAB76B74DC57F39 /* Copy Pods Resources */ = {
			isa = PBXShellScriptBuildPhase;
			buildActionMask = 2147483647;
			files = (
			);
			inputPaths = (
			);
			name = "Copy Pods Resources";
			outputPaths = (
			);
			runOnlyForDeploymentPostprocessing = 0;
			shellPath = /bin/sh;
			shellScript = "\"${SRCROOT}/Pods/Target Support Files/Pods-METAR/Pods-METAR-resources.sh\"\n";
			showEnvVarsInLog = 0;
		};
		E4488E61947501E838DCAC33 /* Check Pods Manifest.lock */ = {
			isa = PBXShellScriptBuildPhase;
			buildActionMask = 2147483647;
			files = (
			);
			inputPaths = (
			);
			name = "Check Pods Manifest.lock";
			outputPaths = (
			);
			runOnlyForDeploymentPostprocessing = 0;
			shellPath = /bin/sh;
			shellScript = "diff \"${PODS_ROOT}/../Podfile.lock\" \"${PODS_ROOT}/Manifest.lock\" > /dev/null\nif [[ $? != 0 ]] ; then\n    cat << EOM\nerror: The sandbox is not in sync with the Podfile.lock. Run 'pod install' or update your CocoaPods installation.\nEOM\n    exit 1\nfi\n";
			showEnvVarsInLog = 0;
		};
/* End PBXShellScriptBuildPhase section */

/* Begin PBXSourcesBuildPhase section */
		6AB7EF231C56563400C2B503 /* Sources */ = {
			isa = PBXSourcesBuildPhase;
			buildActionMask = 2147483647;
			files = (
				6AB7EF4F1C565BD100C2B503 /* APIManager.swift in Sources */,
				6AB7EF4B1C565ABF00C2B503 /* ForecastManager.swift in Sources */,
				6AB7EF2D1C56563400C2B503 /* ViewController.swift in Sources */,
				6AEDD4C71C568DCD00388D79 /* METARInfo.swift in Sources */,
				6AEDD4C51C5689F400388D79 /* METAR.swift in Sources */,
				6AEDD4C91C568DDA00388D79 /* METARTranslations.swift in Sources */,
				6AB7EF2B1C56563400C2B503 /* AppDelegate.swift in Sources */,
			);
			runOnlyForDeploymentPostprocessing = 0;
		};
		6AB7EF371C56563400C2B503 /* Sources */ = {
			isa = PBXSourcesBuildPhase;
			buildActionMask = 2147483647;
			files = (
				6AB7EF401C56563400C2B503 /* METARTests.swift in Sources */,
			);
			runOnlyForDeploymentPostprocessing = 0;
		};
/* End PBXSourcesBuildPhase section */

/* Begin PBXTargetDependency section */
		6AB7EF3D1C56563400C2B503 /* PBXTargetDependency */ = {
			isa = PBXTargetDependency;
			target = 6AB7EF261C56563400C2B503 /* METAR */;
			targetProxy = 6AB7EF3C1C56563400C2B503 /* PBXContainerItemProxy */;
		};
/* End PBXTargetDependency section */

/* Begin PBXVariantGroup section */
		6AB7EF2E1C56563400C2B503 /* Main.storyboard */ = {
			isa = PBXVariantGroup;
			children = (
				6AB7EF2F1C56563400C2B503 /* Base */,
			);
			name = Main.storyboard;
			sourceTree = "<group>";
		};
		6AB7EF331C56563400C2B503 /* LaunchScreen.storyboard */ = {
			isa = PBXVariantGroup;
			children = (
				6AB7EF341C56563400C2B503 /* Base */,
			);
			name = LaunchScreen.storyboard;
			sourceTree = "<group>";
		};
/* End PBXVariantGroup section */

/* Begin XCBuildConfiguration section */
		6AB7EF421C56563400C2B503 /* Debug */ = {
			isa = XCBuildConfiguration;
			buildSettings = {
				ALWAYS_SEARCH_USER_PATHS = NO;
				CLANG_CXX_LANGUAGE_STANDARD = "gnu++0x";
				CLANG_CXX_LIBRARY = "libc++";
				CLANG_ENABLE_MODULES = YES;
				CLANG_ENABLE_OBJC_ARC = YES;
				CLANG_WARN_BOOL_CONVERSION = YES;
				CLANG_WARN_CONSTANT_CONVERSION = YES;
				CLANG_WARN_DIRECT_OBJC_ISA_USAGE = YES_ERROR;
				CLANG_WARN_EMPTY_BODY = YES;
				CLANG_WARN_ENUM_CONVERSION = YES;
				CLANG_WARN_INT_CONVERSION = YES;
				CLANG_WARN_OBJC_ROOT_CLASS = YES_ERROR;
				CLANG_WARN_UNREACHABLE_CODE = YES;
				CLANG_WARN__DUPLICATE_METHOD_MATCH = YES;
				"CODE_SIGN_IDENTITY[sdk=iphoneos*]" = "iPhone Developer";
				COPY_PHASE_STRIP = NO;
				DEBUG_INFORMATION_FORMAT = dwarf;
				ENABLE_STRICT_OBJC_MSGSEND = YES;
				ENABLE_TESTABILITY = YES;
				GCC_C_LANGUAGE_STANDARD = gnu99;
				GCC_DYNAMIC_NO_PIC = NO;
				GCC_NO_COMMON_BLOCKS = YES;
				GCC_OPTIMIZATION_LEVEL = 0;
				GCC_PREPROCESSOR_DEFINITIONS = (
					"DEBUG=1",
					"$(inherited)",
				);
				GCC_WARN_64_TO_32_BIT_CONVERSION = YES;
				GCC_WARN_ABOUT_RETURN_TYPE = YES_ERROR;
				GCC_WARN_UNDECLARED_SELECTOR = YES;
				GCC_WARN_UNINITIALIZED_AUTOS = YES_AGGRESSIVE;
				GCC_WARN_UNUSED_FUNCTION = YES;
				GCC_WARN_UNUSED_VARIABLE = YES;
				IPHONEOS_DEPLOYMENT_TARGET = 9.2;
				MTL_ENABLE_DEBUG_INFO = YES;
				ONLY_ACTIVE_ARCH = YES;
				SDKROOT = iphoneos;
				SWIFT_OPTIMIZATION_LEVEL = "-Onone";
				TARGETED_DEVICE_FAMILY = "1,2";
			};
			name = Debug;
		};
		6AB7EF431C56563400C2B503 /* Release */ = {
			isa = XCBuildConfiguration;
			buildSettings = {
				ALWAYS_SEARCH_USER_PATHS = NO;
				CLANG_CXX_LANGUAGE_STANDARD = "gnu++0x";
				CLANG_CXX_LIBRARY = "libc++";
				CLANG_ENABLE_MODULES = YES;
				CLANG_ENABLE_OBJC_ARC = YES;
				CLANG_WARN_BOOL_CONVERSION = YES;
				CLANG_WARN_CONSTANT_CONVERSION = YES;
				CLANG_WARN_DIRECT_OBJC_ISA_USAGE = YES_ERROR;
				CLANG_WARN_EMPTY_BODY = YES;
				CLANG_WARN_ENUM_CONVERSION = YES;
				CLANG_WARN_INT_CONVERSION = YES;
				CLANG_WARN_OBJC_ROOT_CLASS = YES_ERROR;
				CLANG_WARN_UNREACHABLE_CODE = YES;
				CLANG_WARN__DUPLICATE_METHOD_MATCH = YES;
				"CODE_SIGN_IDENTITY[sdk=iphoneos*]" = "iPhone Developer";
				COPY_PHASE_STRIP = NO;
				DEBUG_INFORMATION_FORMAT = "dwarf-with-dsym";
				ENABLE_NS_ASSERTIONS = NO;
				ENABLE_STRICT_OBJC_MSGSEND = YES;
				GCC_C_LANGUAGE_STANDARD = gnu99;
				GCC_NO_COMMON_BLOCKS = YES;
				GCC_WARN_64_TO_32_BIT_CONVERSION = YES;
				GCC_WARN_ABOUT_RETURN_TYPE = YES_ERROR;
				GCC_WARN_UNDECLARED_SELECTOR = YES;
				GCC_WARN_UNINITIALIZED_AUTOS = YES_AGGRESSIVE;
				GCC_WARN_UNUSED_FUNCTION = YES;
				GCC_WARN_UNUSED_VARIABLE = YES;
				IPHONEOS_DEPLOYMENT_TARGET = 9.2;
				MTL_ENABLE_DEBUG_INFO = NO;
				SDKROOT = iphoneos;
				TARGETED_DEVICE_FAMILY = "1,2";
				VALIDATE_PRODUCT = YES;
			};
			name = Release;
		};
		6AB7EF451C56563400C2B503 /* Debug */ = {
			isa = XCBuildConfiguration;
			baseConfigurationReference = E47BAFC66CF04FC2C81B1CB8 /* Pods-METAR.debug.xcconfig */;
			buildSettings = {
				ASSETCATALOG_COMPILER_APPICON_NAME = AppIcon;
				INFOPLIST_FILE = METAR/Info.plist;
				LD_RUNPATH_SEARCH_PATHS = "$(inherited) @executable_path/Frameworks";
				PRODUCT_BUNDLE_IDENTIFIER = com.kzyryanova.METAR;
				PRODUCT_NAME = "$(TARGET_NAME)";
			};
			name = Debug;
		};
		6AB7EF461C56563400C2B503 /* Release */ = {
			isa = XCBuildConfiguration;
			baseConfigurationReference = B48EC4DABBFAC29A0AB8F8C9 /* Pods-METAR.release.xcconfig */;
			buildSettings = {
				ASSETCATALOG_COMPILER_APPICON_NAME = AppIcon;
				INFOPLIST_FILE = METAR/Info.plist;
				LD_RUNPATH_SEARCH_PATHS = "$(inherited) @executable_path/Frameworks";
				PRODUCT_BUNDLE_IDENTIFIER = com.kzyryanova.METAR;
				PRODUCT_NAME = "$(TARGET_NAME)";
			};
			name = Release;
		};
		6AB7EF481C56563400C2B503 /* Debug */ = {
			isa = XCBuildConfiguration;
			buildSettings = {
				BUNDLE_LOADER = "$(TEST_HOST)";
				INFOPLIST_FILE = METARTests/Info.plist;
				LD_RUNPATH_SEARCH_PATHS = "$(inherited) @executable_path/Frameworks @loader_path/Frameworks";
				PRODUCT_BUNDLE_IDENTIFIER = com.kzyryanova.METARTests;
				PRODUCT_NAME = "$(TARGET_NAME)";
				TEST_HOST = "$(BUILT_PRODUCTS_DIR)/METAR.app/METAR";
			};
			name = Debug;
		};
		6AB7EF491C56563400C2B503 /* Release */ = {
			isa = XCBuildConfiguration;
			buildSettings = {
				BUNDLE_LOADER = "$(TEST_HOST)";
				INFOPLIST_FILE = METARTests/Info.plist;
				LD_RUNPATH_SEARCH_PATHS = "$(inherited) @executable_path/Frameworks @loader_path/Frameworks";
				PRODUCT_BUNDLE_IDENTIFIER = com.kzyryanova.METARTests;
				PRODUCT_NAME = "$(TARGET_NAME)";
				TEST_HOST = "$(BUILT_PRODUCTS_DIR)/METAR.app/METAR";
			};
			name = Release;
		};
/* End XCBuildConfiguration section */

/* Begin XCConfigurationList section */
		6AB7EF221C56563400C2B503 /* Build configuration list for PBXProject "METAR" */ = {
			isa = XCConfigurationList;
			buildConfigurations = (
				6AB7EF421C56563400C2B503 /* Debug */,
				6AB7EF431C56563400C2B503 /* Release */,
			);
			defaultConfigurationIsVisible = 0;
			defaultConfigurationName = Release;
		};
		6AB7EF441C56563400C2B503 /* Build configuration list for PBXNativeTarget "METAR" */ = {
			isa = XCConfigurationList;
			buildConfigurations = (
				6AB7EF451C56563400C2B503 /* Debug */,
				6AB7EF461C56563400C2B503 /* Release */,
			);
			defaultConfigurationIsVisible = 0;
			defaultConfigurationName = Release;
		};
		6AB7EF471C56563400C2B503 /* Build configuration list for PBXNativeTarget "METARTests" */ = {
			isa = XCConfigurationList;
			buildConfigurations = (
				6AB7EF481C56563400C2B503 /* Debug */,
				6AB7EF491C56563400C2B503 /* Release */,
			);
			defaultConfigurationIsVisible = 0;
			defaultConfigurationName = Release;
		};
/* End XCConfigurationList section */
	};
	rootObject = 6AB7EF1F1C56563400C2B503 /* Project object */;
}
